
Microsoft Visual Studio Solution File, Format Version 12.00
# Visual Studio Version 17
VisualStudioVersion = 17.8.34330.188
MinimumVisualStudioVersion = 10.0.40219.1
Project("{FAE04EC0-301F-11D3-BF4B-00C04F79EFBC}") = "CPW221_PokemonAdoptionCenter", "CPW221_PokemonAdoptionCenter\CPW221_PokemonAdoptionCenter.csproj", "{898A9CED-65BE-4AA8-BCF3-E160D409FCBE}"
EndProject
Global
	GlobalSection(SolutionConfigurationPlatforms) = preSolution
		Debug|Any CPU = Debug|Any CPU
		Release|Any CPU = Release|Any CPU
	EndGlobalSection
	GlobalSection(ProjectConfigurationPlatforms) = postSolution
		{898A9CED-65BE-4AA8-BCF3-E160D409FCBE}.Debug|Any CPU.ActiveCfg = Debug|Any CPU
		{898A9CED-65BE-4AA8-BCF3-E160D409FCBE}.Debug|Any CPU.Build.0 = Debug|Any CPU
		{898A9CED-65BE-4AA8-BCF3-E160D409FCBE}.Release|Any CPU.ActiveCfg = Release|Any CPU
		{898A9CED-65BE-4AA8-BCF3-E160D409FCBE}.Release|Any CPU.Build.0 = Release|Any CPU
	EndGlobalSection
	GlobalSection(SolutionProperties) = preSolution
		HideSolutionNode = FALSE
	EndGlobalSection
	GlobalSection(ExtensibilityGlobals) = postSolution
		SolutionGuid = {DDBB650D-11FD-47E6-893E-2DD037C3F68D}
	EndGlobalSection
EndGlobal
